
Microsoft Visual Studio Solution File, Format Version 12.00
# Visual Studio 15
VisualStudioVersion = 15.0.28307.539
MinimumVisualStudioVersion = 10.0.40219.1
Project("{FAE04EC0-301F-11D3-BF4B-00C04F79EFBC}") = "WpfApp1", "WpfApp1\WpfApp1.csproj", "{2F575729-451E-43B0-8816-429ADDB4B796}"
EndProject
Global
	GlobalSection(SolutionConfigurationPlatforms) = preSolution
		Debug|Any CPU = Debug|Any CPU
		Release|Any CPU = Release|Any CPU
	EndGlobalSection
	GlobalSection(ProjectConfigurationPlatforms) = postSolution
		{2F575729-451E-43B0-8816-429ADDB4B796}.Debug|Any CPU.ActiveCfg = Debug|Any CPU
		{2F575729-451E-43B0-8816-429ADDB4B796}.Debug|Any CPU.Build.0 = Debug|Any CPU
		{2F575729-451E-43B0-8816-429ADDB4B796}.Release|Any CPU.ActiveCfg = Release|Any CPU
		{2F575729-451E-43B0-8816-429ADDB4B796}.Release|Any CPU.Build.0 = Release|Any CPU
	EndGlobalSection
	GlobalSection(SolutionProperties) = preSolution
		HideSolutionNode = FALSE
	EndGlobalSection
	GlobalSection(ExtensibilityGlobals) = postSolution
		SolutionGuid = {F597568E-93CE-4278-A173-E506E4E69884}
	EndGlobalSection
EndGlobal
